{
  "name": "example-proj-cfg",
  "version": "0.0.1",
  "lockfileVersion": 3,
  "requires": true,
  "packages": {
    "": {
      "name": "example-proj-cfg",
      "version": "0.0.1",
      "dependencies": {
        "flatbuffers": "^24.3.25"
      },
      "devDependencies": {
        "@dogsvr/cfg-luban-cli": "file:../cfg-luban/cfg-luban-cli"
      }
    },
    "../cfg-luban/cfg-luban-cli": {
      "name": "@dogsvr/cfg-luban-cli",
      "version": "0.0.1",
      "dev": true,
      "license": "MIT",
      "dependencies": {
        "lmdb": "^3.2.6"
      },
      "bin": {
        "cfg-luban-cli": "dist/cli.js"
      },
      "devDependencies": {
        "@types/node": "^22.0.0",
        "typescript": "^5.6.3"
      }
    },
    "../cfg-luban/cfg-luban-cli/node_modules/@harperfast/extended-iterable": {
      "version": "1.0.3",
      "dev": true,
      "license": "Apache-2.0"
    },
    "../cfg-luban/cfg-luban-cli/node_modules/@lmdb/lmdb-linux-x64": {
      "version": "3.5.4",
      "cpu": [
        "x64"
      ],
      "dev": true,
      "license": "MIT",
      "optional": true,
      "os": [
        "linux"
      ]
    },
    "../cfg-luban/cfg-luban-cli/node_modules/@msgpackr-extract/msgpackr-extract-linux-x64": {
      "version": "3.0.3",
      "cpu": [
        "x64"
      ],
      "dev": true,
      "license": "MIT",
      "optional": true,
      "os": [
        "linux"
      ]
    },
    "../cfg-luban/cfg-luban-cli/node_modules/@types/node": {
      "version": "22.19.17",
      "dev": true,
      "license": "MIT",
      "dependencies": {
        "undici-types": "~6.21.0"
      }
    },
    "../cfg-luban/cfg-luban-cli/node_modules/detect-libc": {
      "version": "2.1.2",
      "dev": true,
      "license": "Apache-2.0",
      "engines": {
        "node": ">=8"
      }
    },
    "../cfg-luban/cfg-luban-cli/node_modules/lmdb": {
      "version": "3.5.4",
      "dev": true,
      "hasInstallScript": true,
      "license": "MIT",
      "dependencies": {
        "@harperfast/extended-iterable": "^1.0.3",
        "msgpackr": "^1.11.2",
        "node-addon-api": "^6.1.0",
        "node-gyp-build-optional-packages": "5.2.2",
        "ordered-binary": "^1.5.3",
        "weak-lru-cache": "^1.2.2"
      },
      "bin": {
        "download-lmdb-prebuilds": "bin/download-prebuilds.js"
      },
      "optionalDependencies": {
        "@lmdb/lmdb-darwin-arm64": "3.5.4",
        "@lmdb/lmdb-darwin-x64": "3.5.4",
        "@lmdb/lmdb-linux-arm": "3.5.4",
        "@lmdb/lmdb-linux-arm64": "3.5.4",
        "@lmdb/lmdb-linux-x64": "3.5.4",
        "@lmdb/lmdb-win32-arm64": "3.5.4",
        "@lmdb/lmdb-win32-x64": "3.5.4"
      }
    },
    "../cfg-luban/cfg-luban-cli/node_modules/msgpackr": {
      "version": "1.11.10",
      "dev": true,
      "license": "MIT",
      "optionalDependencies": {
        "msgpackr-extract": "^3.0.2"
      }
    },
    "../cfg-luban/cfg-luban-cli/node_modules/msgpackr-extract": {
      "version": "3.0.3",
      "dev": true,
      "hasInstallScript": true,
      "license": "MIT",
      "optional": true,
      "dependencies": {
        "node-gyp-build-optional-packages": "5.2.2"
      },
      "bin": {
        "download-msgpackr-prebuilds": "bin/download-prebuilds.js"
      },
      "optionalDependencies": {
        "@msgpackr-extract/msgpackr-extract-darwin-arm64": "3.0.3",
        "@msgpackr-extract/msgpackr-extract-darwin-x64": "3.0.3",
        "@msgpackr-extract/msgpackr-extract-linux-arm": "3.0.3",
        "@msgpackr-extract/msgpackr-extract-linux-arm64": "3.0.3",
        "@msgpackr-extract/msgpackr-extract-linux-x64": "3.0.3",
        "@msgpackr-extract/msgpackr-extract-win32-x64": "3.0.3"
      }
    },
    "../cfg-luban/cfg-luban-cli/node_modules/node-addon-api": {
      "version": "6.1.0",
      "dev": true,
      "license": "MIT"
    },
    "../cfg-luban/cfg-luban-cli/node_modules/node-gyp-build-optional-packages": {
      "version": "5.2.2",
      "dev": true,
      "license": "MIT",
      "dependencies": {
        "detect-libc": "^2.0.1"
      },
      "bin": {
        "node-gyp-build-optional-packages": "bin.js",
        "node-gyp-build-optional-packages-optional": "optional.js",
        "node-gyp-build-optional-packages-test": "build-test.js"
      }
    },
    "../cfg-luban/cfg-luban-cli/node_modules/ordered-binary": {
      "version": "1.6.1",
      "dev": true,
      "license": "MIT"
    },
    "../cfg-luban/cfg-luban-cli/node_modules/typescript": {
      "version": "5.9.3",
      "dev": true,
      "license": "Apache-2.0",
      "bin": {
        "tsc": "bin/tsc",
        "tsserver": "bin/tsserver"
      },
      "engines": {
        "node": ">=14.17"
      }
    },
    "../cfg-luban/cfg-luban-cli/node_modules/undici-types": {
      "version": "6.21.0",
      "dev": true,
      "license": "MIT"
    },
    "../cfg-luban/cfg-luban-cli/node_modules/weak-lru-cache": {
      "version": "1.2.2",
      "dev": true,
      "license": "MIT"
    },
    "node_modules/@dogsvr/cfg-luban-cli": {
      "resolved": "../cfg-luban/cfg-luban-cli",
      "link": true
    },
    "node_modules/flatbuffers": {
      "version": "24.12.23",
      "resolved": "https://registry.npmjs.org/flatbuffers/-/flatbuffers-24.12.23.tgz",
      "integrity": "sha512-dLVCAISd5mhls514keQzmEG6QHmUUsNuWsb4tFafIUwvvgDjXhtfAYSKOzt5SWOy+qByV5pbsDZ+Vb7HUOBEdA==",
      "license": "Apache-2.0"
    }
  }
}
