{
  "name": "example-proj-cfg",
  "version": "0.1.0",
  "lockfileVersion": 3,
  "requires": true,
  "packages": {
    "": {
      "name": "example-proj-cfg",
      "version": "0.1.0",
      "license": "MIT",
      "dependencies": {
        "flatbuffers": "^25.9.23"
      },
      "devDependencies": {
        "@dogsvr/cfg-luban-cli": "^0.4.0",
        "@types/node": "^24.12.2",
        "typescript": "^6.0.3"
      }
    },
    "node_modules/@dogsvr/cfg-luban-cli": {
      "version": "0.4.0",
      "resolved": "https://registry.npmjs.org/@dogsvr/cfg-luban-cli/-/cfg-luban-cli-0.4.0.tgz",
      "integrity": "sha512-p3qCDYg8R6hMiubBiWsGXdSualrdwavSuc322CeCxAjzaiTZb5H3zGABXmQjaplYZcA0DIDLJY+KZS3r5wq4iQ==",
      "dev": true,
      "license": "MIT",
      "dependencies": {
        "lmdb": "^3.5.4"
      },
      "bin": {
        "cfg-luban-cli": "dist/cli.js"
      }
    },
    "node_modules/@harperfast/extended-iterable": {
      "version": "1.0.3",
      "resolved": "https://registry.npmjs.org/@harperfast/extended-iterable/-/extended-iterable-1.0.3.tgz",
      "integrity": "sha512-sSAYhQca3rDWtQUHSAPeO7axFIUJOI6hn1gjRC5APVE1a90tuyT8f5WIgRsFhhWA7htNkju2veB9eWL6YHi/Lw==",
      "dev": true,
      "license": "Apache-2.0"
    },
    "node_modules/@lmdb/lmdb-darwin-arm64": {
      "version": "3.5.4",
      "resolved": "https://registry.npmjs.org/@lmdb/lmdb-darwin-arm64/-/lmdb-darwin-arm64-3.5.4.tgz",
      "integrity": "sha512-Kk4Kz3iyu1QiLsLZBS9Af1eSKUC8VR2T+/jyE2iAyuGw2VwK08pp5iTbZnXn6sWu0LogO/RFktMxOjiDA2sS3w==",
      "cpu": [
        "arm64"
      ],
      "dev": true,
      "license": "MIT",
      "optional": true,
      "os": [
        "darwin"
      ]
    },
    "node_modules/@lmdb/lmdb-darwin-x64": {
      "version": "3.5.4",
      "resolved": "https://registry.npmjs.org/@lmdb/lmdb-darwin-x64/-/lmdb-darwin-x64-3.5.4.tgz",
      "integrity": "sha512-BEe5Rp3trn26oxoXOVL5HVDoiYmjUDwr8NRPkBOdUdCSBEorKI+7JrZLRKAdxO+G6cGQLgseXk0gR7qIQa7aGw==",
      "cpu": [
        "x64"
      ],
      "dev": true,
      "license": "MIT",
      "optional": true,
      "os": [
        "darwin"
      ]
    },
    "node_modules/@lmdb/lmdb-linux-arm": {
      "version": "3.5.4",
      "resolved": "https://registry.npmjs.org/@lmdb/lmdb-linux-arm/-/lmdb-linux-arm-3.5.4.tgz",
      "integrity": "sha512-SGbFR7816uBcTHc2ZY4S6WyOkl9bICnzqTQd2Mv4V/j24cfds88xx2nC6cm/y8zGQL7Ds31YF/5NGxjgcdM5Hw==",
      "cpu": [
        "arm"
      ],
      "dev": true,
      "license": "MIT",
      "optional": true,
      "os": [
        "linux"
      ]
    },
    "node_modules/@lmdb/lmdb-linux-arm64": {
      "version": "3.5.4",
      "resolved": "https://registry.npmjs.org/@lmdb/lmdb-linux-arm64/-/lmdb-linux-arm64-3.5.4.tgz",
      "integrity": "sha512-cUXEengO8o60v1SWerJTH4/RH4U3+9jC0/4njp2Z9NdmvaGzhKsbRM2wpXuRYrN8tytsoJCg0SvWEWwHAwLbCA==",
      "cpu": [
        "arm64"
      ],
      "dev": true,
      "license": "MIT",
      "optional": true,
      "os": [
        "linux"
      ]
    },
    "node_modules/@lmdb/lmdb-linux-x64": {
      "version": "3.5.4",
      "resolved": "https://registry.npmjs.org/@lmdb/lmdb-linux-x64/-/lmdb-linux-x64-3.5.4.tgz",
      "integrity": "sha512-Gxq8jpgOWXwd0PUR+c9R2Ik1/uBnGd5GMIIzRRDqABCkvmjtC3KWcyhesV9jSPCz759isl0NlbsstZ2oyvk8lA==",
      "cpu": [
        "x64"
      ],
      "dev": true,
      "license": "MIT",
      "optional": true,
      "os": [
        "linux"
      ]
    },
    "node_modules/@lmdb/lmdb-win32-arm64": {
      "version": "3.5.4",
      "resolved": "https://registry.npmjs.org/@lmdb/lmdb-win32-arm64/-/lmdb-win32-arm64-3.5.4.tgz",
      "integrity": "sha512-pKv1DJ1bPZAaHkdFsSz5IDfUG8x9vntgquXF9/Dm2xuupcIe/EkLzylpoBxppFVK5vzbV561Dq26jNY2fIMA7g==",
      "cpu": [
        "arm64"
      ],
      "dev": true,
      "license": "MIT",
      "optional": true,
      "os": [
        "win32"
      ]
    },
    "node_modules/@lmdb/lmdb-win32-x64": {
      "version": "3.5.4",
      "resolved": "https://registry.npmjs.org/@lmdb/lmdb-win32-x64/-/lmdb-win32-x64-3.5.4.tgz",
      "integrity": "sha512-JF1BmLCm9kGEVZgYmJq43zeQVdHVgAJnTi/NURWEsy6L1ZrrlSmdltS+D17QN4LODwf+1LMXAA9auIZVXtWwzw==",
      "cpu": [
        "x64"
      ],
      "dev": true,
      "license": "MIT",
      "optional": true,
      "os": [
        "win32"
      ]
    },
    "node_modules/@msgpackr-extract/msgpackr-extract-darwin-arm64": {
      "version": "3.0.3",
      "resolved": "https://registry.npmjs.org/@msgpackr-extract/msgpackr-extract-darwin-arm64/-/msgpackr-extract-darwin-arm64-3.0.3.tgz",
      "integrity": "sha512-QZHtlVgbAdy2zAqNA9Gu1UpIuI8Xvsd1v8ic6B2pZmeFnFcMWiPLfWXh7TVw4eGEZ/C9TH281KwhVoeQUKbyjw==",
      "cpu": [
        "arm64"
      ],
      "dev": true,
      "license": "MIT",
      "optional": true,
      "os": [
        "darwin"
      ]
    },
    "node_modules/@msgpackr-extract/msgpackr-extract-darwin-x64": {
      "version": "3.0.3",
      "resolved": "https://registry.npmjs.org/@msgpackr-extract/msgpackr-extract-darwin-x64/-/msgpackr-extract-darwin-x64-3.0.3.tgz",
      "integrity": "sha512-mdzd3AVzYKuUmiWOQ8GNhl64/IoFGol569zNRdkLReh6LRLHOXxU4U8eq0JwaD8iFHdVGqSy4IjFL4reoWCDFw==",
      "cpu": [
        "x64"
      ],
      "dev": true,
      "license": "MIT",
      "optional": true,
      "os": [
        "darwin"
      ]
    },
    "node_modules/@msgpackr-extract/msgpackr-extract-linux-arm": {
      "version": "3.0.3",
      "resolved": "https://registry.npmjs.org/@msgpackr-extract/msgpackr-extract-linux-arm/-/msgpackr-extract-linux-arm-3.0.3.tgz",
      "integrity": "sha512-fg0uy/dG/nZEXfYilKoRe7yALaNmHoYeIoJuJ7KJ+YyU2bvY8vPv27f7UKhGRpY6euFYqEVhxCFZgAUNQBM3nw==",
      "cpu": [
        "arm"
      ],
      "dev": true,
      "license": "MIT",
      "optional": true,
      "os": [
        "linux"
      ]
    },
    "node_modules/@msgpackr-extract/msgpackr-extract-linux-arm64": {
      "version": "3.0.3",
      "resolved": "https://registry.npmjs.org/@msgpackr-extract/msgpackr-extract-linux-arm64/-/msgpackr-extract-linux-arm64-3.0.3.tgz",
      "integrity": "sha512-YxQL+ax0XqBJDZiKimS2XQaf+2wDGVa1enVRGzEvLLVFeqa5kx2bWbtcSXgsxjQB7nRqqIGFIcLteF/sHeVtQg==",
      "cpu": [
        "arm64"
      ],
      "dev": true,
      "license": "MIT",
      "optional": true,
      "os": [
        "linux"
      ]
    },
    "node_modules/@msgpackr-extract/msgpackr-extract-linux-x64": {
      "version": "3.0.3",
      "resolved": "https://registry.npmjs.org/@msgpackr-extract/msgpackr-extract-linux-x64/-/msgpackr-extract-linux-x64-3.0.3.tgz",
      "integrity": "sha512-cvwNfbP07pKUfq1uH+S6KJ7dT9K8WOE4ZiAcsrSes+UY55E/0jLYc+vq+DO7jlmqRb5zAggExKm0H7O/CBaesg==",
      "cpu": [
        "x64"
      ],
      "dev": true,
      "license": "MIT",
      "optional": true,
      "os": [
        "linux"
      ]
    },
    "node_modules/@msgpackr-extract/msgpackr-extract-win32-x64": {
      "version": "3.0.3",
      "resolved": "https://registry.npmjs.org/@msgpackr-extract/msgpackr-extract-win32-x64/-/msgpackr-extract-win32-x64-3.0.3.tgz",
      "integrity": "sha512-x0fWaQtYp4E6sktbsdAqnehxDgEc/VwM7uLsRCYWaiGu0ykYdZPiS8zCWdnjHwyiumousxfBm4SO31eXqwEZhQ==",
      "cpu": [
        "x64"
      ],
      "dev": true,
      "license": "MIT",
      "optional": true,
      "os": [
        "win32"
      ]
    },
    "node_modules/@types/node": {
      "version": "24.12.2",
      "resolved": "https://registry.npmjs.org/@types/node/-/node-24.12.2.tgz",
      "integrity": "sha512-A1sre26ke7HDIuY/M23nd9gfB+nrmhtYyMINbjI1zHJxYteKR6qSMX56FsmjMcDb3SMcjJg5BiRRgOCC/yBD0g==",
      "dev": true,
      "license": "MIT",
      "dependencies": {
        "undici-types": "~7.16.0"
      }
    },
    "node_modules/detect-libc": {
      "version": "2.1.2",
      "resolved": "https://registry.npmjs.org/detect-libc/-/detect-libc-2.1.2.tgz",
      "integrity": "sha512-Btj2BOOO83o3WyH59e8MgXsxEQVcarkUOpEYrubB0urwnN10yQ364rsiByU11nZlqWYZm05i/of7io4mzihBtQ==",
      "dev": true,
      "license": "Apache-2.0",
      "engines": {
        "node": ">=8"
      }
    },
    "node_modules/flatbuffers": {
      "version": "25.9.23",
      "resolved": "https://registry.npmjs.org/flatbuffers/-/flatbuffers-25.9.23.tgz",
      "integrity": "sha512-MI1qs7Lo4Syw0EOzUl0xjs2lsoeqFku44KpngfIduHBYvzm8h2+7K8YMQh1JtVVVrUvhLpNwqVi4DERegUJhPQ==",
      "license": "Apache-2.0"
    },
    "node_modules/lmdb": {
      "version": "3.5.4",
      "resolved": "https://registry.npmjs.org/lmdb/-/lmdb-3.5.4.tgz",
      "integrity": "sha512-9FKQA6G1MMtqNxfxvSBNXD/axeG2QRjYbNh0/ykRL5xYcRbCm2vXq7B9bhc7nSuKdHzr8/BHIwfPuYYH1UsXXw==",
      "dev": true,
      "hasInstallScript": true,
      "license": "MIT",
      "dependencies": {
        "@harperfast/extended-iterable": "^1.0.3",
        "msgpackr": "^1.11.2",
        "node-addon-api": "^6.1.0",
        "node-gyp-build-optional-packages": "5.2.2",
        "ordered-binary": "^1.5.3",
        "weak-lru-cache": "^1.2.2"
      },
      "bin": {
        "download-lmdb-prebuilds": "bin/download-prebuilds.js"
      },
      "optionalDependencies": {
        "@lmdb/lmdb-darwin-arm64": "3.5.4",
        "@lmdb/lmdb-darwin-x64": "3.5.4",
        "@lmdb/lmdb-linux-arm": "3.5.4",
        "@lmdb/lmdb-linux-arm64": "3.5.4",
        "@lmdb/lmdb-linux-x64": "3.5.4",
        "@lmdb/lmdb-win32-arm64": "3.5.4",
        "@lmdb/lmdb-win32-x64": "3.5.4"
      }
    },
    "node_modules/msgpackr": {
      "version": "1.11.12",
      "resolved": "https://registry.npmjs.org/msgpackr/-/msgpackr-1.11.12.tgz",
      "integrity": "sha512-RBdJ1Un7yGlXWajrkxcSa93nvQ0w4zBf60c0yYv7YtBelP8H2FA7XsfBbMHtXKXUMUxH7zV3Zuozh+kUQWhHvg==",
      "dev": true,
      "license": "MIT",
      "optionalDependencies": {
        "msgpackr-extract": "^3.0.2"
      }
    },
    "node_modules/msgpackr-extract": {
      "version": "3.0.3",
      "resolved": "https://registry.npmjs.org/msgpackr-extract/-/msgpackr-extract-3.0.3.tgz",
      "integrity": "sha512-P0efT1C9jIdVRefqjzOQ9Xml57zpOXnIuS+csaB4MdZbTdmGDLo8XhzBG1N7aO11gKDDkJvBLULeFTo46wwreA==",
      "dev": true,
      "hasInstallScript": true,
      "license": "MIT",
      "optional": true,
      "dependencies": {
        "node-gyp-build-optional-packages": "5.2.2"
      },
      "bin": {
        "download-msgpackr-prebuilds": "bin/download-prebuilds.js"
      },
      "optionalDependencies": {
        "@msgpackr-extract/msgpackr-extract-darwin-arm64": "3.0.3",
        "@msgpackr-extract/msgpackr-extract-darwin-x64": "3.0.3",
        "@msgpackr-extract/msgpackr-extract-linux-arm": "3.0.3",
        "@msgpackr-extract/msgpackr-extract-linux-arm64": "3.0.3",
        "@msgpackr-extract/msgpackr-extract-linux-x64": "3.0.3",
        "@msgpackr-extract/msgpackr-extract-win32-x64": "3.0.3"
      }
    },
    "node_modules/node-addon-api": {
      "version": "6.1.0",
      "resolved": "https://registry.npmjs.org/node-addon-api/-/node-addon-api-6.1.0.tgz",
      "integrity": "sha512-+eawOlIgy680F0kBzPUNFhMZGtJ1YmqM6l4+Crf4IkImjYrO/mqPwRMh352g23uIaQKFItcQ64I7KMaJxHgAVA==",
      "dev": true,
      "license": "MIT"
    },
    "node_modules/node-gyp-build-optional-packages": {
      "version": "5.2.2",
      "resolved": "https://registry.npmjs.org/node-gyp-build-optional-packages/-/node-gyp-build-optional-packages-5.2.2.tgz",
      "integrity": "sha512-s+w+rBWnpTMwSFbaE0UXsRlg7hU4FjekKU4eyAih5T8nJuNZT1nNsskXpxmeqSK9UzkBl6UgRlnKc8hz8IEqOw==",
      "dev": true,
      "license": "MIT",
      "dependencies": {
        "detect-libc": "^2.0.1"
      },
      "bin": {
        "node-gyp-build-optional-packages": "bin.js",
        "node-gyp-build-optional-packages-optional": "optional.js",
        "node-gyp-build-optional-packages-test": "build-test.js"
      }
    },
    "node_modules/ordered-binary": {
      "version": "1.6.1",
      "resolved": "https://registry.npmjs.org/ordered-binary/-/ordered-binary-1.6.1.tgz",
      "integrity": "sha512-QkCdPooczexPLiXIrbVOPYkR3VO3T6v2OyKRkR1Xbhpy7/LAVXwahnRCgRp78Oe/Ehf0C/HATAxfSr6eA1oX+w==",
      "dev": true,
      "license": "MIT"
    },
    "node_modules/typescript": {
      "version": "6.0.3",
      "resolved": "https://registry.npmjs.org/typescript/-/typescript-6.0.3.tgz",
      "integrity": "sha512-y2TvuxSZPDyQakkFRPZHKFm+KKVqIisdg9/CZwm9ftvKXLP8NRWj38/ODjNbr43SsoXqNuAisEf1GdCxqWcdBw==",
      "dev": true,
      "license": "Apache-2.0",
      "bin": {
        "tsc": "bin/tsc",
        "tsserver": "bin/tsserver"
      },
      "engines": {
        "node": ">=14.17"
      }
    },
    "node_modules/undici-types": {
      "version": "7.16.0",
      "resolved": "https://registry.npmjs.org/undici-types/-/undici-types-7.16.0.tgz",
      "integrity": "sha512-Zz+aZWSj8LE6zoxD+xrjh4VfkIG8Ya6LvYkZqtUQGJPZjYl53ypCaUwWqo7eI0x66KBGeRo+mlBEkMSeSZ38Nw==",
      "dev": true,
      "license": "MIT"
    },
    "node_modules/weak-lru-cache": {
      "version": "1.2.2",
      "resolved": "https://registry.npmjs.org/weak-lru-cache/-/weak-lru-cache-1.2.2.tgz",
      "integrity": "sha512-DEAoo25RfSYMuTGc9vPJzZcZullwIqRDSI9LOy+fkCJPi6hykCnfKaXTuPBDuXAUcqHXyOgFtHNp/kB2FjYHbw==",
      "dev": true,
      "license": "MIT"
    }
  }
}
